PODS:
  - Alamofire (4.8.1)
  - ModelMapper (9.0.1):
    - ModelMapper/Core (= 9.0.1)
  - ModelMapper/Core (9.0.1)
  - Moya (12.0.1):
    - Moya/Core (= 12.0.1)
  - Moya-ModelMapper/Core (8.0.0):
    - ModelMapper
    - Moya (~> 12.0)
  - Moya-ModelMapper/RxSwift (8.0.0):
    - Moya-ModelMapper/Core
    - Moya/RxSwift (~> 12.0)
    - RxSwift
  - Moya/Core (12.0.1):
    - Alamofire (~> 4.1)
    - Result (~> 4.0)
  - Moya/RxSwift (12.0.1):
    - Moya/Core
    - RxSwift (~> 4.0)
  - Result (4.1.0)
  - RxAtomic (4.4.1)
  - RxCocoa (4.4.1):
    - RxSwift (~> 4.0)
  - RxGesture (2.1.0):
    - RxCocoa (~> 4.4.0)
    - RxSwift (~> 4.4.0)
  - RxOptional (3.6.2):
    - RxCocoa (~> 4.0)
    - RxSwift (~> 4.0)
  - RxSwift (4.4.1):
    - RxAtomic (~> 4.4)
  - SVProgressHUD (2.2.5)

DEPENDENCIES:
  - Moya-ModelMapper/RxSwift
  - Moya/RxSwift
  - RxCocoa
  - RxGesture
  - RxOptional
  - RxSwift
  - SVProgressHUD

SPEC REPOS:
  https://github.com/cocoapods/specs.git:
    - Alamofire
    - ModelMapper
    - Moya
    - Moya-ModelMapper
    - Result
    - RxAtomic
    - RxCocoa
    - RxGesture
    - RxOptional
    - RxSwift
    - SVProgressHUD

SPEC CHECKSUMS:
  Alamofire: 16ce2c353fb72865124ddae8a57c5942388f4f11
  ModelMapper: 89a61430a75e6265040dc9555ab1feddeb25b986
  Moya: cf730b3cd9e005401ef37a85143aa141a12fd38f
  Moya-ModelMapper: 9032a62301f6489405d56b7bb4e1f54944638fe3
  Result: bd966fac789cc6c1563440b348ab2598cc24d5c7
  RxAtomic: f8d6adc1ccb87a767811269e4875887bc74dbf19
  RxCocoa: 2f35a76bf8887872e28a1914112395b11b8e0e64
  RxGesture: 7f6dfb45dbde06e618c24442d38493e3144f2c95
  RxOptional: 80426a0ddbd092573e4c482d8cc13302078c4d5e
  RxSwift: 92fcf68dfef21f3e2ab1965363d9e7b3d787597e
  SVProgressHUD: 1428aafac632c1f86f62aa4243ec12008d7a51d6

PODFILE CHECKSUM: 4fc0c8b4159d7e3369a508753ec7baf1b54c13bf

COCOAPODS: 1.5.3
